
Microsoft Visual Studio Solution File, Format Version 12.00
# Visual Studio Version 17
VisualStudioVersion = 17.1.32120.378
MinimumVisualStudioVersion = 10.0.40219.1
Project("{9A19103F-16F7-4668-BE54-9A1E7A4F7556}") = "WpfApp2", "WpfApp2\WpfApp2.csproj", "{62AE82F3-2C72-4ADC-8052-0BF07A149081}"
EndProject
Project("{FAE04EC0-301F-11D3-BF4B-00C04F79EFBC}") = "TesWpfApp2", "TesWpfApp2\TesWpfApp2.csproj", "{EC012F66-E76A-44CC-9E22-1D1CB872C105}"
EndProject
Global
	GlobalSection(SolutionConfigurationPlatforms) = preSolution
		Debug|Any CPU = Debug|Any CPU
		Release|Any CPU = Release|Any CPU
	EndGlobalSection
	GlobalSection(ProjectConfigurationPlatforms) = postSolution
		{62AE82F3-2C72-4ADC-8052-0BF07A149081}.Debug|Any CPU.ActiveCfg = Debug|Any CPU
		{62AE82F3-2C72-4ADC-8052-0BF07A149081}.Debug|Any CPU.Build.0 = Debug|Any CPU
		{62AE82F3-2C72-4ADC-8052-0BF07A149081}.Release|Any CPU.ActiveCfg = Release|Any CPU
		{62AE82F3-2C72-4ADC-8052-0BF07A149081}.Release|Any CPU.Build.0 = Release|Any CPU
		{EC012F66-E76A-44CC-9E22-1D1CB872C105}.Debug|Any CPU.ActiveCfg = Debug|Any CPU
		{EC012F66-E76A-44CC-9E22-1D1CB872C105}.Debug|Any CPU.Build.0 = Debug|Any CPU
		{EC012F66-E76A-44CC-9E22-1D1CB872C105}.Release|Any CPU.ActiveCfg = Release|Any CPU
		{EC012F66-E76A-44CC-9E22-1D1CB872C105}.Release|Any CPU.Build.0 = Release|Any CPU
	EndGlobalSection
	GlobalSection(SolutionProperties) = preSolution
		HideSolutionNode = FALSE
	EndGlobalSection
	GlobalSection(ExtensibilityGlobals) = postSolution
		SolutionGuid = {3D18426C-A292-4B0B-9213-3ED446AC9BED}
	EndGlobalSection
EndGlobal
